
Microsoft Visual Studio Solution File, Format Version 12.00
# Visual Studio Version 17
VisualStudioVersion = 17.10.34607.79
MinimumVisualStudioVersion = 10.0.40219.1
Project("{2150E333-8FDC-42A3-9474-1A3956D46DE8}") = "src", "src", "{0EDE9FE2-C8DA-4AC1-A2BE-242F94CCDF8E}"
EndProject
Project("{FAE04EC0-301F-11D3-BF4B-00C04F79EFBC}") = "Northwind.API", "src\Northwind.API\Northwind.API.csproj", "{C7D02F43-1C40-4837-906C-C09BE5F99F92}"
EndProject
Global
	GlobalSection(SolutionConfigurationPlatforms) = preSolution
		Debug|Any CPU = Debug|Any CPU
		Release|Any CPU = Release|Any CPU
	EndGlobalSection
	GlobalSection(ProjectConfigurationPlatforms) = postSolution
		{C7D02F43-1C40-4837-906C-C09BE5F99F92}.Debug|Any CPU.ActiveCfg = Debug|Any CPU
		{C7D02F43-1C40-4837-906C-C09BE5F99F92}.Debug|Any CPU.Build.0 = Debug|Any CPU
		{C7D02F43-1C40-4837-906C-C09BE5F99F92}.Release|Any CPU.ActiveCfg = Release|Any CPU
		{C7D02F43-1C40-4837-906C-C09BE5F99F92}.Release|Any CPU.Build.0 = Release|Any CPU
	EndGlobalSection
	GlobalSection(SolutionProperties) = preSolution
		HideSolutionNode = FALSE
	EndGlobalSection
	GlobalSection(NestedProjects) = preSolution
		{C7D02F43-1C40-4837-906C-C09BE5F99F92} = {0EDE9FE2-C8DA-4AC1-A2BE-242F94CCDF8E}
	EndGlobalSection
	GlobalSection(ExtensibilityGlobals) = postSolution
		SolutionGuid = {A88B1AEE-9609-40AD-A893-6B24A00A1B7D}
	EndGlobalSection
EndGlobal
